
Microsoft Visual Studio Solution File, Format Version 12.00
# Visual Studio 15
VisualStudioVersion = 15.0.28010.2036
MinimumVisualStudioVersion = 10.0.40219.1
Project("{FAE04EC0-301F-11D3-BF4B-00C04F79EFBC}") = "Tobasco", "Tobasco\Tobasco.csproj", "{8AD73A9A-894A-42A3-AAB1-6350961F6E23}"
EndProject
Project("{FAE04EC0-301F-11D3-BF4B-00C04F79EFBC}") = "TobascoTest", "TobascoTest\TobascoTest.csproj", "{F76209EA-BC8C-44EB-AA8C-AC510AC75ABF}"
EndProject
Project("{00D1A9C2-B5F0-4AF3-8072-F6C62B433612}") = "Database", "Database\Database.sqlproj", "{92CC0195-5402-4EC9-9CE7-85F65BC35DF9}"
EndProject
Project("{FAE04EC0-301F-11D3-BF4B-00C04F79EFBC}") = "TobascoV2", "TobascoV2\TobascoV2.csproj", "{B71950FC-BFAE-48C8-A8A5-5B0D0B2407E5}"
EndProject
Project("{FAE04EC0-301F-11D3-BF4B-00C04F79EFBC}") = "TobascoV2Test", "TobascoV2Test\TobascoV2Test.csproj", "{F6691A7A-B077-466A-B77C-C9A3F44AEBAA}"
EndProject
Global
	GlobalSection(SolutionConfigurationPlatforms) = preSolution
		Debug|Any CPU = Debug|Any CPU
		Release|Any CPU = Release|Any CPU
	EndGlobalSection
	GlobalSection(ProjectConfigurationPlatforms) = postSolution
		{8AD73A9A-894A-42A3-AAB1-6350961F6E23}.Debug|Any CPU.ActiveCfg = Debug|Any CPU
		{8AD73A9A-894A-42A3-AAB1-6350961F6E23}.Debug|Any CPU.Build.0 = Debug|Any CPU
		{8AD73A9A-894A-42A3-AAB1-6350961F6E23}.Release|Any CPU.ActiveCfg = Release|Any CPU
		{8AD73A9A-894A-42A3-AAB1-6350961F6E23}.Release|Any CPU.Build.0 = Release|Any CPU
		{F76209EA-BC8C-44EB-AA8C-AC510AC75ABF}.Debug|Any CPU.ActiveCfg = Debug|Any CPU
		{F76209EA-BC8C-44EB-AA8C-AC510AC75ABF}.Debug|Any CPU.Build.0 = Debug|Any CPU
		{F76209EA-BC8C-44EB-AA8C-AC510AC75ABF}.Release|Any CPU.ActiveCfg = Release|Any CPU
		{F76209EA-BC8C-44EB-AA8C-AC510AC75ABF}.Release|Any CPU.Build.0 = Release|Any CPU
		{92CC0195-5402-4EC9-9CE7-85F65BC35DF9}.Debug|Any CPU.ActiveCfg = Debug|Any CPU
		{92CC0195-5402-4EC9-9CE7-85F65BC35DF9}.Debug|Any CPU.Build.0 = Debug|Any CPU
		{92CC0195-5402-4EC9-9CE7-85F65BC35DF9}.Debug|Any CPU.Deploy.0 = Debug|Any CPU
		{92CC0195-5402-4EC9-9CE7-85F65BC35DF9}.Release|Any CPU.ActiveCfg = Release|Any CPU
		{92CC0195-5402-4EC9-9CE7-85F65BC35DF9}.Release|Any CPU.Build.0 = Release|Any CPU
		{92CC0195-5402-4EC9-9CE7-85F65BC35DF9}.Release|Any CPU.Deploy.0 = Release|Any CPU
		{B71950FC-BFAE-48C8-A8A5-5B0D0B2407E5}.Debug|Any CPU.ActiveCfg = Debug|Any CPU
		{B71950FC-BFAE-48C8-A8A5-5B0D0B2407E5}.Debug|Any CPU.Build.0 = Debug|Any CPU
		{B71950FC-BFAE-48C8-A8A5-5B0D0B2407E5}.Release|Any CPU.ActiveCfg = Release|Any CPU
		{B71950FC-BFAE-48C8-A8A5-5B0D0B2407E5}.Release|Any CPU.Build.0 = Release|Any CPU
		{F6691A7A-B077-466A-B77C-C9A3F44AEBAA}.Debug|Any CPU.ActiveCfg = Debug|Any CPU
		{F6691A7A-B077-466A-B77C-C9A3F44AEBAA}.Debug|Any CPU.Build.0 = Debug|Any CPU
		{F6691A7A-B077-466A-B77C-C9A3F44AEBAA}.Release|Any CPU.ActiveCfg = Release|Any CPU
		{F6691A7A-B077-466A-B77C-C9A3F44AEBAA}.Release|Any CPU.Build.0 = Release|Any CPU
	EndGlobalSection
	GlobalSection(SolutionProperties) = preSolution
		HideSolutionNode = FALSE
	EndGlobalSection
	GlobalSection(ExtensibilityGlobals) = postSolution
		SolutionGuid = {B4DCFEA3-FB88-4D2C-90A6-30E37D38E949}
	EndGlobalSection
EndGlobal
